
Microsoft Visual Studio Solution File, Format Version 12.00
# Visual Studio Version 17
VisualStudioVersion = 17.0.31903.59
MinimumVisualStudioVersion = 10.0.40219.1
Project("{2150E333-8FDC-42A3-9474-1A3956D46DE8}") = "src", "src", "{8A0289BB-04B3-46E5-9FA0-62AE5F66176F}"
EndProject
Project("{9A19103F-16F7-4668-BE54-9A1E7A4F7556}") = "Calculator.API", "src\Calculator\Calculator.API.csproj", "{799DCE82-8B08-4D23-827C-BE092E891B7D}"
EndProject
Project("{9A19103F-16F7-4668-BE54-9A1E7A4F7556}") = "Calculator.Services", "src\Calculator.Services\Calculator.Services.csproj", "{7B35D543-79D3-449C-9895-87282B2E48A3}"
EndProject
Project("{2150E333-8FDC-42A3-9474-1A3956D46DE8}") = "tests", "tests", "{893F5195-FB02-4B7A-BB84-3125940B51FA}"
EndProject
Project("{2150E333-8FDC-42A3-9474-1A3956D46DE8}") = "Session2", "Session2", "{E336BB42-9CFE-4707-AB32-C19874EB7CD3}"
EndProject
Project("{2150E333-8FDC-42A3-9474-1A3956D46DE8}") = "src", "src", "{CD77FCC1-8E60-474C-8843-F3088834D0B9}"
EndProject
Project("{2150E333-8FDC-42A3-9474-1A3956D46DE8}") = "tests", "tests", "{23D3F576-81D7-4A73-8B93-C26B8F3C437B}"
EndProject
Project("{9A19103F-16F7-4668-BE54-9A1E7A4F7556}") = "Domain", "session2\src\Domain\Domain.csproj", "{7F262617-B9B7-424B-B2AF-8136E03EDC32}"
EndProject
Project("{9A19103F-16F7-4668-BE54-9A1E7A4F7556}") = "Persistence", "session2\src\Persistence\Persistence.csproj", "{36D92C66-ED2D-4A73-928F-98B6E5CF870E}"
EndProject
Project("{9A19103F-16F7-4668-BE54-9A1E7A4F7556}") = "Services", "session2\src\Services\Services.csproj", "{E0C60682-835E-4516-876F-DA35019FE31C}"
EndProject
Project("{9A19103F-16F7-4668-BE54-9A1E7A4F7556}") = "API", "session2\src\API\API.csproj", "{0C868DDB-4389-4EE7-8FCD-436C2A65FE8F}"
EndProject
Global
	GlobalSection(SolutionConfigurationPlatforms) = preSolution
		Debug|Any CPU = Debug|Any CPU
		Release|Any CPU = Release|Any CPU
	EndGlobalSection
	GlobalSection(ProjectConfigurationPlatforms) = postSolution
		{799DCE82-8B08-4D23-827C-BE092E891B7D}.Debug|Any CPU.ActiveCfg = Debug|Any CPU
		{799DCE82-8B08-4D23-827C-BE092E891B7D}.Debug|Any CPU.Build.0 = Debug|Any CPU
		{799DCE82-8B08-4D23-827C-BE092E891B7D}.Release|Any CPU.ActiveCfg = Release|Any CPU
		{799DCE82-8B08-4D23-827C-BE092E891B7D}.Release|Any CPU.Build.0 = Release|Any CPU
		{7B35D543-79D3-449C-9895-87282B2E48A3}.Debug|Any CPU.ActiveCfg = Debug|Any CPU
		{7B35D543-79D3-449C-9895-87282B2E48A3}.Debug|Any CPU.Build.0 = Debug|Any CPU
		{7B35D543-79D3-449C-9895-87282B2E48A3}.Release|Any CPU.ActiveCfg = Release|Any CPU
		{7B35D543-79D3-449C-9895-87282B2E48A3}.Release|Any CPU.Build.0 = Release|Any CPU
		{7F262617-B9B7-424B-B2AF-8136E03EDC32}.Debug|Any CPU.ActiveCfg = Debug|Any CPU
		{7F262617-B9B7-424B-B2AF-8136E03EDC32}.Debug|Any CPU.Build.0 = Debug|Any CPU
		{7F262617-B9B7-424B-B2AF-8136E03EDC32}.Release|Any CPU.ActiveCfg = Release|Any CPU
		{7F262617-B9B7-424B-B2AF-8136E03EDC32}.Release|Any CPU.Build.0 = Release|Any CPU
		{36D92C66-ED2D-4A73-928F-98B6E5CF870E}.Debug|Any CPU.ActiveCfg = Debug|Any CPU
		{36D92C66-ED2D-4A73-928F-98B6E5CF870E}.Debug|Any CPU.Build.0 = Debug|Any CPU
		{36D92C66-ED2D-4A73-928F-98B6E5CF870E}.Release|Any CPU.ActiveCfg = Release|Any CPU
		{36D92C66-ED2D-4A73-928F-98B6E5CF870E}.Release|Any CPU.Build.0 = Release|Any CPU
		{E0C60682-835E-4516-876F-DA35019FE31C}.Debug|Any CPU.ActiveCfg = Debug|Any CPU
		{E0C60682-835E-4516-876F-DA35019FE31C}.Debug|Any CPU.Build.0 = Debug|Any CPU
		{E0C60682-835E-4516-876F-DA35019FE31C}.Release|Any CPU.ActiveCfg = Release|Any CPU
		{E0C60682-835E-4516-876F-DA35019FE31C}.Release|Any CPU.Build.0 = Release|Any CPU
		{0C868DDB-4389-4EE7-8FCD-436C2A65FE8F}.Debug|Any CPU.ActiveCfg = Debug|Any CPU
		{0C868DDB-4389-4EE7-8FCD-436C2A65FE8F}.Debug|Any CPU.Build.0 = Debug|Any CPU
		{0C868DDB-4389-4EE7-8FCD-436C2A65FE8F}.Release|Any CPU.ActiveCfg = Release|Any CPU
		{0C868DDB-4389-4EE7-8FCD-436C2A65FE8F}.Release|Any CPU.Build.0 = Release|Any CPU
	EndGlobalSection
	GlobalSection(SolutionProperties) = preSolution
		HideSolutionNode = FALSE
	EndGlobalSection
	GlobalSection(NestedProjects) = preSolution
		{799DCE82-8B08-4D23-827C-BE092E891B7D} = {8A0289BB-04B3-46E5-9FA0-62AE5F66176F}
		{7B35D543-79D3-449C-9895-87282B2E48A3} = {8A0289BB-04B3-46E5-9FA0-62AE5F66176F}
		{CD77FCC1-8E60-474C-8843-F3088834D0B9} = {E336BB42-9CFE-4707-AB32-C19874EB7CD3}
		{23D3F576-81D7-4A73-8B93-C26B8F3C437B} = {E336BB42-9CFE-4707-AB32-C19874EB7CD3}
		{7F262617-B9B7-424B-B2AF-8136E03EDC32} = {CD77FCC1-8E60-474C-8843-F3088834D0B9}
		{36D92C66-ED2D-4A73-928F-98B6E5CF870E} = {CD77FCC1-8E60-474C-8843-F3088834D0B9}
		{E0C60682-835E-4516-876F-DA35019FE31C} = {CD77FCC1-8E60-474C-8843-F3088834D0B9}
		{0C868DDB-4389-4EE7-8FCD-436C2A65FE8F} = {CD77FCC1-8E60-474C-8843-F3088834D0B9}
	EndGlobalSection
	GlobalSection(ExtensibilityGlobals) = postSolution
		SolutionGuid = {4CCF7194-58E4-4952-B0C8-B7503ECFFD0D}
	EndGlobalSection
EndGlobal
